
Microsoft Visual Studio Solution File, Format Version 12.00
# Visual Studio 15
VisualStudioVersion = 15.0.26124.0
MinimumVisualStudioVersion = 15.0.26124.0
Project("{FAE04EC0-301F-11D3-BF4B-00C04F79EFBC}") = "TryRabbitMQ.Receiver", "TryRabbitMQ.Receiver\TryRabbitMQ.Receiver.csproj", "{F511FCD4-3E44-4CE3-BF5F-3B382A4264BD}"
EndProject
Project("{FAE04EC0-301F-11D3-BF4B-00C04F79EFBC}") = "TryRabbitMQ.Sender", "TryRabbitMQ.Sender\TryRabbitMQ.Sender.csproj", "{C2771939-F12B-45E3-A14D-D62C4B059802}"
EndProject
Global
	GlobalSection(SolutionConfigurationPlatforms) = preSolution
		Debug|Any CPU = Debug|Any CPU
		Debug|x64 = Debug|x64
		Debug|x86 = Debug|x86
		Release|Any CPU = Release|Any CPU
		Release|x64 = Release|x64
		Release|x86 = Release|x86
	EndGlobalSection
	GlobalSection(SolutionProperties) = preSolution
		HideSolutionNode = FALSE
	EndGlobalSection
	GlobalSection(ProjectConfigurationPlatforms) = postSolution
		{F511FCD4-3E44-4CE3-BF5F-3B382A4264BD}.Debug|Any CPU.ActiveCfg = Debug|Any CPU
		{F511FCD4-3E44-4CE3-BF5F-3B382A4264BD}.Debug|Any CPU.Build.0 = Debug|Any CPU
		{F511FCD4-3E44-4CE3-BF5F-3B382A4264BD}.Debug|x64.ActiveCfg = Debug|Any CPU
		{F511FCD4-3E44-4CE3-BF5F-3B382A4264BD}.Debug|x64.Build.0 = Debug|Any CPU
		{F511FCD4-3E44-4CE3-BF5F-3B382A4264BD}.Debug|x86.ActiveCfg = Debug|Any CPU
		{F511FCD4-3E44-4CE3-BF5F-3B382A4264BD}.Debug|x86.Build.0 = Debug|Any CPU
		{F511FCD4-3E44-4CE3-BF5F-3B382A4264BD}.Release|Any CPU.ActiveCfg = Release|Any CPU
		{F511FCD4-3E44-4CE3-BF5F-3B382A4264BD}.Release|Any CPU.Build.0 = Release|Any CPU
		{F511FCD4-3E44-4CE3-BF5F-3B382A4264BD}.Release|x64.ActiveCfg = Release|Any CPU
		{F511FCD4-3E44-4CE3-BF5F-3B382A4264BD}.Release|x64.Build.0 = Release|Any CPU
		{F511FCD4-3E44-4CE3-BF5F-3B382A4264BD}.Release|x86.ActiveCfg = Release|Any CPU
		{F511FCD4-3E44-4CE3-BF5F-3B382A4264BD}.Release|x86.Build.0 = Release|Any CPU
		{C2771939-F12B-45E3-A14D-D62C4B059802}.Debug|Any CPU.ActiveCfg = Debug|Any CPU
		{C2771939-F12B-45E3-A14D-D62C4B059802}.Debug|Any CPU.Build.0 = Debug|Any CPU
		{C2771939-F12B-45E3-A14D-D62C4B059802}.Debug|x64.ActiveCfg = Debug|Any CPU
		{C2771939-F12B-45E3-A14D-D62C4B059802}.Debug|x64.Build.0 = Debug|Any CPU
		{C2771939-F12B-45E3-A14D-D62C4B059802}.Debug|x86.ActiveCfg = Debug|Any CPU
		{C2771939-F12B-45E3-A14D-D62C4B059802}.Debug|x86.Build.0 = Debug|Any CPU
		{C2771939-F12B-45E3-A14D-D62C4B059802}.Release|Any CPU.ActiveCfg = Release|Any CPU
		{C2771939-F12B-45E3-A14D-D62C4B059802}.Release|Any CPU.Build.0 = Release|Any CPU
		{C2771939-F12B-45E3-A14D-D62C4B059802}.Release|x64.ActiveCfg = Release|Any CPU
		{C2771939-F12B-45E3-A14D-D62C4B059802}.Release|x64.Build.0 = Release|Any CPU
		{C2771939-F12B-45E3-A14D-D62C4B059802}.Release|x86.ActiveCfg = Release|Any CPU
		{C2771939-F12B-45E3-A14D-D62C4B059802}.Release|x86.Build.0 = Release|Any CPU
	EndGlobalSection
EndGlobal
